<?xml version="1.0" encoding="utf-8"?>
<Project ToolsVersion="12.0" xmlns="http://schemas.microsoft.com/developer/msbuild/2003">
  <ItemGroup>
    <ClCompile Include="Engine\AnimatedSprite.cpp">
      <Filter>Engine</Filter>
    </ClCompile>
    <ClCompile Include="Engine\Game.cpp">
      <Filter>Engine</Filter>
    </ClCompile>
    <ClCompile Include="Engine\GameObject.cpp">
      <Filter>Engine</Filter>
    </ClCompile>
    <ClCompile Include="Engine\Scene.cpp">
      <Filter>Engine</Filter>
    </ClCompile>
    <ClCompile Include="MyGame.cpp" />
    <ClCompile Include="AI.cpp">
      <Filter>GShips</Filter>
    </ClCompile>
    <ClCompile Include="Ammo.cpp">
      <Filter>GStats</Filter>
    </ClCompile>
    <ClCompile Include="Ammo2.cpp">
      <Filter>GStats</Filter>
    </ClCompile>
    <ClCompile Include="Health1.cpp">
      <Filter>GStats</Filter>
    </ClCompile>
    <ClCompile Include="Health2.cpp">
      <Filter>GStats</Filter>
    </ClCompile>
    <ClCompile Include="Flak.cpp">
      <Filter>GAmmo</Filter>
    </ClCompile>
    <ClCompile Include="Laser.cpp">
      <Filter>GAmmo</Filter>
    </ClCompile>
    <ClCompile Include="Pellet.cpp">
      <Filter>GAmmo</Filter>
    </ClCompile>
    <ClCompile Include="Music.cpp">
      <Filter>Ggameparts</Filter>
    </ClCompile>
    <ClCompile Include="Explosion.cpp">
      <Filter>Ggameparts</Filter>
    </ClCompile>
    <ClCompile Include="BuffSpawner.cpp">
      <Filter>Ggameparts</Filter>
    </ClCompile>
    <ClCompile Include="Buff.cpp">
      <Filter>Ggameparts</Filter>
    </ClCompile>
    <ClCompile Include="Background.cpp">
      <Filter>Ggameparts</Filter>
    </ClCompile>
    <ClCompile Include="Ships(plural).cpp">
      <Filter>GShips</Filter>
    </ClCompile>
    <ClCompile Include="GameScene.cpp">
      <Filter>GScenes</Filter>
    </ClCompile>
    <ClCompile Include="StartScene.cpp">
      <Filter>GScenes</Filter>
    </ClCompile>
    <ClCompile Include="StartMessage.cpp">
      <Filter>Ggameparts</Filter>
    </ClCompile>
    <ClCompile Include="EndScene.cpp">
      <Filter>GScenes</Filter>
    </ClCompile>
    <ClCompile Include="EndMessage.cpp">
      <Filter>Ggameparts</Filter>
    </ClCompile>
  </ItemGroup>
  <ItemGroup>
    <ClInclude Include="Engine\AnimatedSprite.h">
      <Filter>Engine</Filter>
    </ClInclude>
    <ClInclude Include="Engine\Game.h">
      <Filter>Engine</Filter>
    </ClInclude>
    <ClInclude Include="Engine\GameEngine.h">
      <Filter>Engine</Filter>
    </ClInclude>
    <ClInclude Include="Engine\GameObject.h">
      <Filter>Engine</Filter>
    </ClInclude>
    <ClInclude Include="Engine\Scene.h">
      <Filter>Engine</Filter>
    </ClInclude>
    <ClInclude Include="AI.h">
      <Filter>GShips</Filter>
    </ClInclude>
    <ClInclude Include="Ammo.h">
      <Filter>GStats</Filter>
    </ClInclude>
    <ClInclude Include="Ammo2.h">
      <Filter>GStats</Filter>
    </ClInclude>
    <ClInclude Include="Health1.h">
      <Filter>GStats</Filter>
    </ClInclude>
    <ClInclude Include="Health2.h">
      <Filter>GStats</Filter>
    </ClInclude>
    <ClInclude Include="Flak.h">
      <Filter>GAmmo</Filter>
    </ClInclude>
    <ClInclude Include="Laser.h">
      <Filter>GAmmo</Filter>
    </ClInclude>
    <ClInclude Include="Pellet.h">
      <Filter>GAmmo</Filter>
    </ClInclude>
    <ClInclude Include="Music.h">
      <Filter>Ggameparts</Filter>
    </ClInclude>
    <ClInclude Include="Explosion.h">
      <Filter>Ggameparts</Filter>
    </ClInclude>
    <ClInclude Include="BuffSpawner.h">
      <Filter>Ggameparts</Filter>
    </ClInclude>
    <ClInclude Include="Buff.h">
      <Filter>Ggameparts</Filter>
    </ClInclude>
    <ClInclude Include="Background.h">
      <Filter>Ggameparts</Filter>
    </ClInclude>
    <ClInclude Include="Ships(plural).h">
      <Filter>GShips</Filter>
    </ClInclude>
    <ClInclude Include="GameScene.h">
      <Filter>GScenes</Filter>
    </ClInclude>
    <ClInclude Include="StartScene.h">
      <Filter>GScenes</Filter>
    </ClInclude>
    <ClInclude Include="StartMessage.h">
      <Filter>Ggameparts</Filter>
    </ClInclude>
    <ClInclude Include="EndScene.h">
      <Filter>GScenes</Filter>
    </ClInclude>
    <ClInclude Include="EndMessage.h">
      <Filter>Ggameparts</Filter>
    </ClInclude>
  </ItemGroup>
  <ItemGroup>
    <Filter Include="Engine">
      <UniqueIdentifier>{12d3def4-141e-4612-818a-39da16cf0063}</UniqueIdentifier>
    </Filter>
    <Filter Include="Resources">
      <UniqueIdentifier>{97d329b3-5b8c-40b4-8b65-6fbf428de7e5}</UniqueIdentifier>
    </Filter>
    <Filter Include="GShips">
      <UniqueIdentifier>{f5452fe4-7fc3-4d4f-a896-e9bee1e37e93}</UniqueIdentifier>
    </Filter>
    <Filter Include="GStats">
      <UniqueIdentifier>{2c6786a2-0bdf-4a22-92ed-aa1d2ea60e08}</UniqueIdentifier>
    </Filter>
    <Filter Include="GAmmo">
      <UniqueIdentifier>{f0b77fc7-8f95-4355-ac94-866674cf93bb}</UniqueIdentifier>
    </Filter>
    <Filter Include="Ggameparts">
      <UniqueIdentifier>{e76ed861-31f2-4ab7-8a71-e316c52817d3}</UniqueIdentifier>
    </Filter>
    <Filter Include="GScenes">
      <UniqueIdentifier>{4097d0a3-53ae-4183-8072-91f9ce2a132c}</UniqueIdentifier>
    </Filter>
  </ItemGroup>
  <ItemGroup>
    <None Include="Resources\README.md">
      <Filter>Resources</Filter>
    </None>
  </ItemGroup>
  <ItemGroup>
    <Image Include="Resources\enemy.png">
      <Filter>Resources</Filter>
    </Image>
    <Image Include="Resources\laser.png">
      <Filter>Resources</Filter>
    </Image>
    <Image Include="Resources\meteor.png">
      <Filter>Resources</Filter>
    </Image>
    <Image Include="Resources\explosion-spritesheet.png">
      <Filter>Resources</Filter>
    </Image>
    <Image Include="Resources\ship.png">
      <Filter>Resources</Filter>
    </Image>
    <Image Include="Resources\Ammo.png">
      <Filter>Resources</Filter>
    </Image>
    <Image Include="Resources\Health.png">
      <Filter>Resources</Filter>
    </Image>
    <Image Include="..\..\..\..\..\Downloads\Flak.png">
      <Filter>Resources</Filter>
    </Image>
    <Image Include="..\..\..\..\..\Downloads\Shotgun.png">
      <Filter>Resources</Filter>
    </Image>
    <Image Include="..\..\..\..\..\Downloads\Trishot.png">
      <Filter>Resources</Filter>
    </Image>
    <Image Include="Resources\shell.png">
      <Filter>Resources</Filter>
    </Image>
    <Image Include="Resources\pellet.png">
      <Filter>Resources</Filter>
    </Image>
    <Image Include="Resources\missile.png">
      <Filter>Resources</Filter>
    </Image>
    <Image Include="Resources\flare.png">
      <Filter>Resources</Filter>
    </Image>
  </ItemGroup>
  <ItemGroup>
    <Media Include="Resources\boom.wav">
      <Filter>Resources</Filter>
    </Media>
    <Media Include="Resources\Awesome Music.wav">
      <Filter>Resources</Filter>
    </Media>
  </ItemGroup>
  <ItemGroup>
    <Font Include="Resources\Courneuf-Regular.ttf">
      <Filter>Resources</Filter>
    </Font>
  </ItemGroup>
</Project>